{
  "version": 4,
  "terraform_version": "1.7.2",
  "serial": 9,
  "lineage": "392acce5-6c3d-b59f-9865-88e97b172234",
  "outputs": {
    "vm_details": {
      "value": {
        "acpi": true,
        "agent": [
          {
            "enabled": true,
            "timeout": "15m",
            "trim": false,
            "type": "virtio"
          }
        ],
        "audio_device": [],
        "bios": "seabios",
        "boot_order": null,
        "cdrom": [],
        "clone": [
          {
            "datastore_id": "",
            "full": true,
            "node_name": "",
            "retries": 1,
            "vm_id": 5000
          }
        ],
        "cpu": [
          {
            "architecture": "x86_64",
            "cores": 2,
            "flags": [],
            "hotplugged": 0,
            "limit": 0,
            "numa": false,
            "sockets": 1,
            "type": "x86-64-v2-AES",
            "units": 1024
          }
        ],
        "description": "Gitea for source control management and CI/CD",
        "disk": [
          {
            "cache": "none",
            "datastore_id": "proxvz",
            "discard": "on",
            "file_format": "qcow2",
            "file_id": "",
            "interface": "scsi0",
            "iothread": true,
            "path_in_datastore": "400/vm-400-disk-0.qcow2",
            "size": 16,
            "speed": [],
            "ssd": true
          }
        ],
        "efi_disk": [],
        "hook_script_file_id": null,
        "hostpci": [],
        "id": "400",
        "initialization": [
          {
            "datastore_id": "proxvz",
            "dns": [],
            "interface": "ide0",
            "ip_config": [
              {
                "ipv4": [
                  {
                    "address": "192.168.80.13/24",
                    "gateway": "192.168.80.1"
                  }
                ],
                "ipv6": []
              }
            ],
            "meta_data_file_id": "",
            "network_data_file_id": "",
            "type": "",
            "user_account": [],
            "user_data_file_id": "",
            "vendor_data_file_id": ""
          }
        ],
        "ipv4_addresses": [],
        "ipv6_addresses": [],
        "keyboard_layout": "en-us",
        "kvm_arguments": null,
        "mac_addresses": [
          "BC:24:11:4A:36:F9"
        ],
        "machine": "q35",
        "memory": [
          {
            "dedicated": 1024,
            "floating": 0,
            "shared": 0
          }
        ],
        "migrate": false,
        "name": "dev-gitea",
        "network_device": [
          {
            "bridge": "vmbr0",
            "enabled": true,
            "firewall": false,
            "mac_address": "BC:24:11:4A:36:F9",
            "model": "virtio",
            "mtu": 0,
            "queues": 0,
            "rate_limit": 0,
            "vlan_id": 0
          }
        ],
        "network_interface_names": [],
        "node_name": "pveopsauto",
        "on_boot": false,
        "operating_system": [
          {
            "type": "l26"
          }
        ],
        "pool_id": null,
        "reboot": true,
        "scsi_hardware": "virtio-scsi-single",
        "serial_device": [],
        "smbios": [],
        "started": false,
        "startup": [],
        "stop_on_destroy": false,
        "tablet_device": true,
        "tags": [
          "dev",
          "tf-ansible"
        ],
        "template": false,
        "timeout_clone": 1800,
        "timeout_create": 1800,
        "timeout_migrate": 1800,
        "timeout_move_disk": 1800,
        "timeout_reboot": 1800,
        "timeout_shutdown_vm": 1800,
        "timeout_start_vm": 1800,
        "timeout_stop_vm": 300,
        "tpm_state": [],
        "usb": [],
        "vga": [],
        "vm_id": 400
      },
      "type": [
        "object",
        {
          "acpi": "bool",
          "agent": [
            "list",
            [
              "object",
              {
                "enabled": "bool",
                "timeout": "string",
                "trim": "bool",
                "type": "string"
              }
            ]
          ],
          "audio_device": [
            "list",
            [
              "object",
              {
                "device": "string",
                "driver": "string",
                "enabled": "bool"
              }
            ]
          ],
          "bios": "string",
          "boot_order": [
            "list",
            "string"
          ],
          "cdrom": [
            "list",
            [
              "object",
              {
                "enabled": "bool",
                "file_id": "string",
                "interface": "string"
              }
            ]
          ],
          "clone": [
            "list",
            [
              "object",
              {
                "datastore_id": "string",
                "full": "bool",
                "node_name": "string",
                "retries": "number",
                "vm_id": "number"
              }
            ]
          ],
          "cpu": [
            "list",
            [
              "object",
              {
                "architecture": "string",
                "cores": "number",
                "flags": [
                  "list",
                  "string"
                ],
                "hotplugged": "number",
                "limit": "number",
                "numa": "bool",
                "sockets": "number",
                "type": "string",
                "units": "number"
              }
            ]
          ],
          "description": "string",
          "disk": [
            "list",
            [
              "object",
              {
                "cache": "string",
                "datastore_id": "string",
                "discard": "string",
                "file_format": "string",
                "file_id": "string",
                "interface": "string",
                "iothread": "bool",
                "path_in_datastore": "string",
                "size": "number",
                "speed": [
                  "list",
                  [
                    "object",
                    {
                      "read": "number",
                      "read_burstable": "number",
                      "write": "number",
                      "write_burstable": "number"
                    }
                  ]
                ],
                "ssd": "bool"
              }
            ]
          ],
          "efi_disk": [
            "list",
            [
              "object",
              {
                "datastore_id": "string",
                "file_format": "string",
                "pre_enrolled_keys": "bool",
                "type": "string"
              }
            ]
          ],
          "hook_script_file_id": "string",
          "hostpci": [
            "list",
            [
              "object",
              {
                "device": "string",
                "id": "string",
                "mapping": "string",
                "mdev": "string",
                "pcie": "bool",
                "rom_file": "string",
                "rombar": "bool",
                "xvga": "bool"
              }
            ]
          ],
          "id": "string",
          "initialization": [
            "list",
            [
              "object",
              {
                "datastore_id": "string",
                "dns": [
                  "list",
                  [
                    "object",
                    {
                      "domain": "string",
                      "server": "string",
                      "servers": [
                        "list",
                        "string"
                      ]
                    }
                  ]
                ],
                "interface": "string",
                "ip_config": [
                  "list",
                  [
                    "object",
                    {
                      "ipv4": [
                        "list",
                        [
                          "object",
                          {
                            "address": "string",
                            "gateway": "string"
                          }
                        ]
                      ],
                      "ipv6": [
                        "list",
                        [
                          "object",
                          {
                            "address": "string",
                            "gateway": "string"
                          }
                        ]
                      ]
                    }
                  ]
                ],
                "meta_data_file_id": "string",
                "network_data_file_id": "string",
                "type": "string",
                "user_account": [
                  "list",
                  [
                    "object",
                    {
                      "keys": [
                        "list",
                        "string"
                      ],
                      "password": "string",
                      "username": "string"
                    }
                  ]
                ],
                "user_data_file_id": "string",
                "vendor_data_file_id": "string"
              }
            ]
          ],
          "ipv4_addresses": [
            "list",
            [
              "list",
              "string"
            ]
          ],
          "ipv6_addresses": [
            "list",
            [
              "list",
              "string"
            ]
          ],
          "keyboard_layout": "string",
          "kvm_arguments": "string",
          "mac_addresses": [
            "list",
            "string"
          ],
          "machine": "string",
          "memory": [
            "list",
            [
              "object",
              {
                "dedicated": "number",
                "floating": "number",
                "shared": "number"
              }
            ]
          ],
          "migrate": "bool",
          "name": "string",
          "network_device": [
            "list",
            [
              "object",
              {
                "bridge": "string",
                "enabled": "bool",
                "firewall": "bool",
                "mac_address": "string",
                "model": "string",
                "mtu": "number",
                "queues": "number",
                "rate_limit": "number",
                "vlan_id": "number"
              }
            ]
          ],
          "network_interface_names": [
            "list",
            "string"
          ],
          "node_name": "string",
          "on_boot": "bool",
          "operating_system": [
            "list",
            [
              "object",
              {
                "type": "string"
              }
            ]
          ],
          "pool_id": "string",
          "reboot": "bool",
          "scsi_hardware": "string",
          "serial_device": [
            "list",
            [
              "object",
              {
                "device": "string"
              }
            ]
          ],
          "smbios": [
            "list",
            [
              "object",
              {
                "family": "string",
                "manufacturer": "string",
                "product": "string",
                "serial": "string",
                "sku": "string",
                "uuid": "string",
                "version": "string"
              }
            ]
          ],
          "started": "bool",
          "startup": [
            "list",
            [
              "object",
              {
                "down_delay": "number",
                "order": "number",
                "up_delay": "number"
              }
            ]
          ],
          "stop_on_destroy": "bool",
          "tablet_device": "bool",
          "tags": [
            "list",
            "string"
          ],
          "template": "bool",
          "timeout_clone": "number",
          "timeout_create": "number",
          "timeout_migrate": "number",
          "timeout_move_disk": "number",
          "timeout_reboot": "number",
          "timeout_shutdown_vm": "number",
          "timeout_start_vm": "number",
          "timeout_stop_vm": "number",
          "tpm_state": [
            "list",
            [
              "object",
              {
                "datastore_id": "string",
                "version": "string"
              }
            ]
          ],
          "usb": [
            "list",
            [
              "object",
              {
                "host": "string",
                "mapping": "string",
                "usb3": "bool"
              }
            ]
          ],
          "vga": [
            "list",
            [
              "object",
              {
                "enabled": "bool",
                "memory": "number",
                "type": "string"
              }
            ]
          ],
          "vm_id": "number"
        }
      ]
    }
  },
  "resources": [
    {
      "module": "module.gitea_vm",
      "mode": "managed",
      "type": "proxmox_virtual_environment_vm",
      "name": "debian_vm",
      "provider": "provider[\"registry.terraform.io/bpg/proxmox\"]",
      "instances": [
        {
          "schema_version": 0,
          "attributes": {
            "acpi": true,
            "agent": [
              {
                "enabled": true,
                "timeout": "15m",
                "trim": false,
                "type": "virtio"
              }
            ],
            "audio_device": [],
            "bios": "seabios",
            "boot_order": null,
            "cdrom": [],
            "clone": [
              {
                "datastore_id": "",
                "full": true,
                "node_name": "",
                "retries": 1,
                "vm_id": 5000
              }
            ],
            "cpu": [
              {
                "architecture": "x86_64",
                "cores": 2,
                "flags": [],
                "hotplugged": 0,
                "limit": 0,
                "numa": false,
                "sockets": 1,
                "type": "x86-64-v2-AES",
                "units": 1024
              }
            ],
            "description": "Gitea for source control management and CI/CD",
            "disk": [
              {
                "cache": "none",
                "datastore_id": "proxvz",
                "discard": "on",
                "file_format": "qcow2",
                "file_id": "",
                "interface": "scsi0",
                "iothread": true,
                "path_in_datastore": "400/vm-400-disk-0.qcow2",
                "size": 16,
                "speed": [],
                "ssd": true
              }
            ],
            "efi_disk": [],
            "hook_script_file_id": null,
            "hostpci": [],
            "id": "400",
            "initialization": [
              {
                "datastore_id": "proxvz",
                "dns": [],
                "interface": "ide0",
                "ip_config": [
                  {
                    "ipv4": [
                      {
                        "address": "192.168.80.13/24",
                        "gateway": "192.168.80.1"
                      }
                    ],
                    "ipv6": []
                  }
                ],
                "meta_data_file_id": "",
                "network_data_file_id": "",
                "type": "",
                "user_account": [],
                "user_data_file_id": "",
                "vendor_data_file_id": ""
              }
            ],
            "ipv4_addresses": [],
            "ipv6_addresses": [],
            "keyboard_layout": "en-us",
            "kvm_arguments": null,
            "mac_addresses": [
              "BC:24:11:4A:36:F9"
            ],
            "machine": "q35",
            "memory": [
              {
                "dedicated": 1024,
                "floating": 0,
                "shared": 0
              }
            ],
            "migrate": false,
            "name": "dev-gitea",
            "network_device": [
              {
                "bridge": "vmbr0",
                "enabled": true,
                "firewall": false,
                "mac_address": "BC:24:11:4A:36:F9",
                "model": "virtio",
                "mtu": 0,
                "queues": 0,
                "rate_limit": 0,
                "vlan_id": 0
              }
            ],
            "network_interface_names": [],
            "node_name": "pveopsauto",
            "on_boot": false,
            "operating_system": [
              {
                "type": "l26"
              }
            ],
            "pool_id": null,
            "reboot": true,
            "scsi_hardware": "virtio-scsi-single",
            "serial_device": [],
            "smbios": [],
            "started": false,
            "startup": [],
            "stop_on_destroy": false,
            "tablet_device": true,
            "tags": [
              "dev",
              "tf-ansible"
            ],
            "template": false,
            "timeout_clone": 1800,
            "timeout_create": 1800,
            "timeout_migrate": 1800,
            "timeout_move_disk": 1800,
            "timeout_reboot": 1800,
            "timeout_shutdown_vm": 1800,
            "timeout_start_vm": 1800,
            "timeout_stop_vm": 300,
            "tpm_state": [],
            "usb": [],
            "vga": [],
            "vm_id": 400
          },
          "sensitive_attributes": [],
          "private": "bnVsbA=="
        }
      ]
    }
  ],
  "check_results": null
}
