{
  "version": 4,
  "terraform_version": "1.7.4",
  "serial": 50,
  "lineage": "392acce5-6c3d-b59f-9865-88e97b172234",
  "outputs": {},
  "resources": [
    {
      "module": "module.gitea_vm",
      "mode": "managed",
      "type": "proxmox_virtual_environment_vm",
      "name": "debian_vm",
      "provider": "provider[\"registry.terraform.io/bpg/proxmox\"]",
      "instances": [
        {
          "schema_version": 0,
          "attributes": {
            "acpi": true,
            "agent": [
              {
                "enabled": true,
                "timeout": "15m",
                "trim": false,
                "type": "virtio"
              }
            ],
            "audio_device": [],
            "bios": "seabios",
            "boot_order": null,
            "cdrom": [],
            "clone": [
              {
                "datastore_id": "",
                "full": true,
                "node_name": "",
                "retries": 1,
                "vm_id": 5000
              }
            ],
            "cpu": [
              {
                "architecture": "x86_64",
                "cores": 2,
                "flags": [],
                "hotplugged": 0,
                "limit": 0,
                "numa": false,
                "sockets": 1,
                "type": "x86-64-v2-AES",
                "units": 1024
              }
            ],
            "description": "Gitea for source control management and CI/CD",
            "disk": [
              {
                "cache": "none",
                "datastore_id": "proxvz",
                "discard": "on",
                "file_format": "qcow2",
                "file_id": "",
                "interface": "scsi0",
                "iothread": true,
                "path_in_datastore": "400/vm-400-disk-0.qcow2",
                "size": 22,
                "speed": [],
                "ssd": true
              }
            ],
            "efi_disk": [],
            "hook_script_file_id": null,
            "hostpci": [],
            "id": "400",
            "initialization": [
              {
                "datastore_id": "proxvz",
                "dns": [],
                "interface": "ide0",
                "ip_config": [
                  {
                    "ipv4": [
                      {
                        "address": "192.168.80.13/24",
                        "gateway": "192.168.80.1"
                      }
                    ],
                    "ipv6": []
                  }
                ],
                "meta_data_file_id": "",
                "network_data_file_id": "",
                "type": "",
                "user_account": [],
                "user_data_file_id": "",
                "vendor_data_file_id": ""
              }
            ],
            "ipv4_addresses": [
              [
                "127.0.0.1"
              ],
              [
                "192.168.80.13"
              ]
            ],
            "ipv6_addresses": [
              [
                "::1"
              ],
              [
                "fe80::be24:11ff:fe4a:36f9"
              ]
            ],
            "keyboard_layout": "en-us",
            "kvm_arguments": null,
            "mac_addresses": [
              "00:00:00:00:00:00",
              "BC:24:11:4A:36:F9"
            ],
            "machine": "q35",
            "memory": [
              {
                "dedicated": 1024,
                "floating": 0,
                "shared": 0
              }
            ],
            "migrate": false,
            "name": "dev-gitea",
            "network_device": [
              {
                "bridge": "vmbr0",
                "enabled": true,
                "firewall": false,
                "mac_address": "BC:24:11:4A:36:F9",
                "model": "virtio",
                "mtu": 0,
                "queues": 0,
                "rate_limit": 0,
                "vlan_id": 80
              }
            ],
            "network_interface_names": [
              "lo",
              "eth0"
            ],
            "node_name": "pveopsauto",
            "on_boot": false,
            "operating_system": [
              {
                "type": "l26"
              }
            ],
            "pool_id": null,
            "reboot": true,
            "scsi_hardware": "virtio-scsi-single",
            "serial_device": [],
            "smbios": [],
            "started": true,
            "startup": [],
            "stop_on_destroy": false,
            "tablet_device": true,
            "tags": [
              "dev",
              "gitea",
              "source-control",
              "tf-ansible"
            ],
            "template": false,
            "timeout_clone": 1800,
            "timeout_create": 1800,
            "timeout_migrate": 1800,
            "timeout_move_disk": 1800,
            "timeout_reboot": 1800,
            "timeout_shutdown_vm": 1800,
            "timeout_start_vm": 1800,
            "timeout_stop_vm": 300,
            "tpm_state": [],
            "usb": [],
            "vga": [],
            "vm_id": 400
          },
          "sensitive_attributes": [],
          "private": "bnVsbA=="
        }
      ]
    },
    {
      "module": "module.pi_hole_vm",
      "mode": "managed",
      "type": "proxmox_virtual_environment_container",
      "name": "debian_lxc",
      "provider": "provider[\"registry.terraform.io/bpg/proxmox\"]",
      "instances": [
        {
          "schema_version": 0,
          "attributes": {
            "clone": [],
            "console": [],
            "cpu": [
              {
                "architecture": "amd64",
                "cores": 1,
                "units": 1024
              }
            ],
            "description": "pihole server for development\n",
            "disk": [
              {
                "datastore_id": "proxvz",
                "size": 8
              }
            ],
            "features": [],
            "id": "402",
            "initialization": [
              {
                "dns": [],
                "hostname": "pihole-dev",
                "ip_config": [
                  {
                    "ipv4": [
                      {
                        "address": "192.168.80.14/24",
                        "gateway": "192.168.80.1"
                      }
                    ],
                    "ipv6": []
                  }
                ],
                "user_account": [
                  {
                    "keys": [],
                    "password": "Float12345678"
                  }
                ]
              }
            ],
            "memory": [
              {
                "dedicated": 512,
                "swap": 1024
              }
            ],
            "mount_point": [],
            "network_interface": [
              {
                "bridge": "vmbr0",
                "enabled": true,
                "firewall": false,
                "mac_address": "BC:24:11:66:40:AD",
                "mtu": 0,
                "name": "eth0",
                "rate_limit": 0,
                "vlan_id": 80
              }
            ],
            "node_name": "pveopsauto",
            "operating_system": [
              {
                "template_file_id": "proxvz:vztmpl/debian-12-standard_12.2-1_amd64.tar.zst",
                "type": "debian"
              }
            ],
            "pool_id": null,
            "start_on_boot": true,
            "started": true,
            "startup": [],
            "tags": [
              "dev",
              "lxc",
              "pihole"
            ],
            "template": false,
            "unprivileged": true,
            "vm_id": -1
          },
          "sensitive_attributes": [],
          "private": "bnVsbA=="
        }
      ]
    }
  ],
  "check_results": null
}
