{
  "version": 4,
  "terraform_version": "1.7.3",
  "serial": 45,
  "lineage": "3190b346-4d6c-0b4b-8c70-2f321319bf3e",
  "outputs": {
    "current_environment": {
      "value": "prod",
      "type": "string"
    },
    "current_workspace": {
      "value": "prod",
      "type": "string"
    }
  },
  "resources": [
    {
      "module": "module.postgres_sql_vm[0]",
      "mode": "managed",
      "type": "proxmox_virtual_environment_file",
      "name": "cloud_config",
      "provider": "provider[\"registry.terraform.io/bpg/proxmox\"]",
      "instances": [
        {
          "schema_version": 0,
          "attributes": {
            "content_type": "snippets",
            "datastore_id": "nasbackups",
            "file_modification_date": null,
            "file_name": "dbpostgresprod01.cloud-config.yaml",
            "file_size": null,
            "file_tag": null,
            "id": "nasbackups:snippets/dbpostgresprod01.cloud-config.yaml",
            "node_name": "spmhampi",
            "overwrite": true,
            "source_file": [],
            "source_raw": [
              {
                "data": "      #cloud-config\n      #cloud-config\n        hostname: dbpostgresprod01\n",
                "file_name": "dbpostgresprod01.cloud-config.yaml",
                "resize": 0
              }
            ],
            "timeout_upload": 1800
          },
          "sensitive_attributes": [],
          "private": "bnVsbA=="
        }
      ]
    },
    {
      "module": "module.postgres_sql_vm[0]",
      "mode": "managed",
      "type": "proxmox_virtual_environment_vm",
      "name": "debian_vm",
      "provider": "provider[\"registry.terraform.io/bpg/proxmox\"]",
      "instances": [
        {
          "schema_version": 0,
          "attributes": {
            "acpi": true,
            "agent": [
              {
                "enabled": true,
                "timeout": "15m",
                "trim": false,
                "type": "virtio"
              }
            ],
            "audio_device": [],
            "bios": "seabios",
            "boot_order": null,
            "cdrom": [],
            "clone": [
              {
                "datastore_id": "",
                "full": true,
                "node_name": "kishkindha-pcli",
                "retries": 1,
                "vm_id": 5000
              }
            ],
            "cpu": [
              {
                "architecture": "x86_64",
                "cores": 2,
                "flags": null,
                "hotplugged": 0,
                "limit": 0,
                "numa": false,
                "sockets": 1,
                "type": "x86-64-v2-AES",
                "units": 1024
              }
            ],
            "description": "Postgres server for dev",
            "disk": [
              {
                "cache": "none",
                "datastore_id": "proxthin",
                "discard": "on",
                "file_format": "raw",
                "file_id": "",
                "interface": "scsi0",
                "iothread": false,
                "path_in_datastore": "vm-105-disk-0",
                "size": 128,
                "speed": [],
                "ssd": true
              }
            ],
            "efi_disk": [],
            "hook_script_file_id": null,
            "hostpci": [],
            "id": "105",
            "initialization": [
              {
                "datastore_id": "proxthin",
                "dns": [
                  {
                    "domain": "naiduden.dev",
                    "server": "",
                    "servers": [
                      "192.168.30.43"
                    ]
                  }
                ],
                "interface": "ide0",
                "ip_config": [
                  {
                    "ipv4": [
                      {
                        "address": "192.168.30.44/24",
                        "gateway": "192.168.30.1"
                      }
                    ],
                    "ipv6": []
                  }
                ],
                "meta_data_file_id": "",
                "network_data_file_id": "",
                "type": "",
                "user_account": [],
                "user_data_file_id": "nasbackups:snippets/dbpostgresprod01.cloud-config.yaml",
                "vendor_data_file_id": ""
              }
            ],
            "ipv4_addresses": [
              [
                "127.0.0.1"
              ],
              [
                "192.168.30.44"
              ]
            ],
            "ipv6_addresses": [
              [
                "::1"
              ],
              [
                "fe80::be24:11ff:fee5:9ef4"
              ]
            ],
            "keyboard_layout": "en-us",
            "kvm_arguments": null,
            "mac_addresses": [
              "00:00:00:00:00:00",
              "BC:24:11:E5:9E:F4"
            ],
            "machine": "q35",
            "memory": [
              {
                "dedicated": 4096,
                "floating": 0,
                "shared": 0
              }
            ],
            "migrate": false,
            "name": "db-postgres-prod-01",
            "network_device": [
              {
                "bridge": "vmbr2",
                "enabled": true,
                "firewall": false,
                "mac_address": "BC:24:11:E5:9E:F4",
                "model": "virtio",
                "mtu": 0,
                "queues": 0,
                "rate_limit": 0,
                "vlan_id": 30
              }
            ],
            "network_interface_names": [
              "lo",
              "eth0"
            ],
            "node_name": "spmhampi",
            "on_boot": true,
            "operating_system": [
              {
                "type": "l26"
              }
            ],
            "pool_id": null,
            "reboot": true,
            "scsi_hardware": "virtio-scsi-single",
            "serial_device": [],
            "smbios": [],
            "started": true,
            "startup": [],
            "stop_on_destroy": false,
            "tablet_device": true,
            "tags": [
              "postgresql",
              "prod",
              "tf-ansible"
            ],
            "template": false,
            "timeout_clone": 3600,
            "timeout_create": 3600,
            "timeout_migrate": 3600,
            "timeout_move_disk": 3600,
            "timeout_reboot": 3600,
            "timeout_shutdown_vm": 3600,
            "timeout_start_vm": 3600,
            "timeout_stop_vm": 3600,
            "tpm_state": [],
            "usb": [],
            "vga": [
              {
                "enabled": true,
                "memory": 0,
                "type": ""
              }
            ],
            "vm_id": 105
          },
          "sensitive_attributes": [],
          "private": "bnVsbA==",
          "dependencies": [
            "module.postgres_sql_vm.proxmox_virtual_environment_file.cloud_config"
          ]
        }
      ]
    },
    {
      "module": "module.proxmox_backup_server[0]",
      "mode": "managed",
      "type": "proxmox_virtual_environment_vm",
      "name": "debian_vm",
      "provider": "provider[\"registry.terraform.io/bpg/proxmox\"]",
      "instances": [
        {
          "schema_version": 0,
          "attributes": {
            "acpi": true,
            "agent": [
              {
                "enabled": true,
                "timeout": "15m",
                "trim": false,
                "type": "virtio"
              }
            ],
            "audio_device": [],
            "bios": "seabios",
            "boot_order": null,
            "cdrom": [],
            "clone": [
              {
                "datastore_id": "",
                "full": true,
                "node_name": "kishkindha-pcli",
                "retries": 1,
                "vm_id": 5000
              }
            ],
            "cpu": [
              {
                "architecture": "x86_64",
                "cores": 2,
                "flags": null,
                "hotplugged": 0,
                "limit": 0,
                "numa": false,
                "sockets": 1,
                "type": "x86-64-v2-AES",
                "units": 1024
              }
            ],
            "description": "Proxmox backup server for dev",
            "disk": [
              {
                "cache": "none",
                "datastore_id": "nasvmdrives",
                "discard": "on",
                "file_format": "raw",
                "file_id": "",
                "interface": "scsi0",
                "iothread": false,
                "path_in_datastore": "102/vm-102-disk-0.raw",
                "size": 16,
                "speed": [],
                "ssd": true
              },
              {
                "cache": "none",
                "datastore_id": "nasvmdrives",
                "discard": "on",
                "file_format": "qcow2",
                "file_id": "",
                "interface": "scsi1",
                "iothread": true,
                "path_in_datastore": "102/vm-102-disk-0.qcow2",
                "size": 16,
                "speed": [],
                "ssd": true
              }
            ],
            "efi_disk": [],
            "hook_script_file_id": null,
            "hostpci": [],
            "id": "102",
            "initialization": [
              {
                "datastore_id": "nasvmdrives",
                "dns": [
                  {
                    "domain": "naiduden.dev",
                    "server": "",
                    "servers": [
                      "192.168.30.43"
                    ]
                  }
                ],
                "interface": "ide0",
                "ip_config": [
                  {
                    "ipv4": [
                      {
                        "address": "192.168.30.46/24",
                        "gateway": "192.168.30.1"
                      }
                    ],
                    "ipv6": []
                  }
                ],
                "meta_data_file_id": "",
                "network_data_file_id": "",
                "type": "",
                "user_account": [],
                "user_data_file_id": "nasbackups:snippets/backuppxbprod01.cloud-config.yaml",
                "vendor_data_file_id": ""
              }
            ],
            "ipv4_addresses": [],
            "ipv6_addresses": [],
            "keyboard_layout": "en-us",
            "kvm_arguments": null,
            "mac_addresses": [
              "BC:24:11:E0:A3:71"
            ],
            "machine": "q35",
            "memory": [
              {
                "dedicated": 4096,
                "floating": 0,
                "shared": 0
              }
            ],
            "migrate": false,
            "name": "backup-pxb-prod-01",
            "network_device": [
              {
                "bridge": "vmbr2",
                "enabled": true,
                "firewall": false,
                "mac_address": "BC:24:11:E0:A3:71",
                "model": "virtio",
                "mtu": 0,
                "queues": 0,
                "rate_limit": 0,
                "vlan_id": 30
              }
            ],
            "network_interface_names": [],
            "node_name": "spmhampi",
            "on_boot": true,
            "operating_system": [
              {
                "type": "l26"
              }
            ],
            "pool_id": null,
            "reboot": true,
            "scsi_hardware": "virtio-scsi-single",
            "serial_device": [],
            "smbios": [],
            "started": false,
            "startup": [],
            "stop_on_destroy": false,
            "tablet_device": true,
            "tags": [
              "prod",
              "pxbackup",
              "tf-ansible"
            ],
            "template": false,
            "timeout_clone": 3600,
            "timeout_create": 3600,
            "timeout_migrate": 3600,
            "timeout_move_disk": 3600,
            "timeout_reboot": 3600,
            "timeout_shutdown_vm": 3600,
            "timeout_start_vm": 3600,
            "timeout_stop_vm": 3600,
            "tpm_state": [],
            "usb": [],
            "vga": [
              {
                "enabled": true,
                "memory": 0,
                "type": ""
              }
            ],
            "vm_id": 102
          },
          "sensitive_attributes": [],
          "private": "bnVsbA==",
          "dependencies": [
            "module.proxmox_backup_server.proxmox_virtual_environment_file.cloud_config"
          ]
        }
      ]
    }
  ],
  "check_results": null
}
