{
  "version": 4,
  "terraform_version": "1.7.3",
  "serial": 20,
  "lineage": "5177e3af-5f1e-4d23-e13d-f0d643139109",
  "outputs": {},
  "resources": [
    {
      "module": "module.ops_kea_dhcp_lxc",
      "mode": "managed",
      "type": "proxmox_virtual_environment_container",
      "name": "dev-kea-dhcp",
      "provider": "module.ops_kea_dhcp_lxc.provider[\"registry.terraform.io/bpg/proxmox\"]",
      "instances": [
        {
          "schema_version": 0,
          "attributes": {
            "clone": [],
            "console": [],
            "cpu": [
              {
                "architecture": "amd64",
                "cores": 2,
                "units": 1024
              }
            ],
            "description": "DHCP Server with kea and postgresql - 2024-02-09-06-36\n",
            "disk": [
              {
                "datastore_id": "proxthin",
                "size": 8
              }
            ],
            "features": [],
            "id": "305",
            "initialization": [
              {
                "dns": [],
                "hostname": "dev-kea-dhcp-02",
                "ip_config": [
                  {
                    "ipv4": [
                      {
                        "address": "192.168.30.81/24",
                        "gateway": "192.168.30.1"
                      }
                    ],
                    "ipv6": []
                  },
                  {
                    "ipv4": [
                      {
                        "address": "192.168.1.1/24",
                        "gateway": "192.168.1.1"
                      }
                    ],
                    "ipv6": []
                  }
                ],
                "user_account": [
                  {
                    "keys": [],
                    "password": "Float12345678"
                  }
                ]
              }
            ],
            "memory": [
              {
                "dedicated": 2048,
                "swap": 1024
              }
            ],
            "mount_point": [
              {
                "acl": false,
                "backup": true,
                "mount_options": [],
                "path": "/var/lib/postgresql",
                "quota": false,
                "read_only": false,
                "replicate": true,
                "shared": false,
                "size": "16G",
                "volume": "proxthin:vm-305-disk-1"
              },
              {
                "acl": false,
                "backup": true,
                "mount_options": [],
                "path": "/var/lib/kea",
                "quota": false,
                "read_only": false,
                "replicate": true,
                "shared": false,
                "size": "50G",
                "volume": "proxthin:vm-305-disk-2"
              }
            ],
            "network_interface": [
              {
                "bridge": "vmbr0",
                "enabled": true,
                "firewall": false,
                "mac_address": "BC:24:11:CD:66:86",
                "mtu": 0,
                "name": "eth0",
                "rate_limit": 0,
                "vlan_id": 30
              },
              {
                "bridge": "vmbr2",
                "enabled": true,
                "firewall": false,
                "mac_address": "BC:24:11:63:4D:A3",
                "mtu": 0,
                "name": "eth1",
                "rate_limit": 0,
                "vlan_id": 0
              }
            ],
            "node_name": "lepakshi-lenovomini",
            "operating_system": [
              {
                "template_file_id": "nasios:vztmpl/debian-12-standard_12.2-1_amd64.tar.zst",
                "type": "debian"
              }
            ],
            "pool_id": null,
            "start_on_boot": true,
            "started": false,
            "startup": [],
            "tags": [
              "dev",
              "kea",
              "ops",
              "postgresql"
            ],
            "template": false,
            "unprivileged": true,
            "vm_id": -1
          },
          "sensitive_attributes": [],
          "private": "bnVsbA=="
        }
      ]
    }
  ],
  "check_results": null
}
