{
  "version": 4,
  "terraform_version": "1.7.4",
  "serial": 10,
  "lineage": "05340834-06a8-56f5-2d18-1958d92c7519",
  "outputs": {
    "current_workspace": {
      "value": "stage",
      "type": "string"
    }
  },
  "resources": [
    {
      "module": "module.dev_lxc",
      "mode": "managed",
      "type": "proxmox_virtual_environment_container",
      "name": "debian_lxc",
      "provider": "provider[\"registry.terraform.io/bpg/proxmox\"]",
      "instances": [
        {
          "schema_version": 0,
          "attributes": {
            "clone": [],
            "console": [],
            "cpu": [
              {
                "architecture": "amd64",
                "cores": 2,
                "units": 1024
              }
            ],
            "description": "LXC for development\n",
            "disk": [
              {
                "datastore_id": "vz",
                "size": 20
              }
            ],
            "features": [],
            "id": "304",
            "initialization": [
              {
                "dns": [
                  {
                    "domain": "naiduden.dev",
                    "server": "",
                    "servers": [
                      "192.168.30.43"
                    ]
                  }
                ],
                "hostname": "debian-code-server",
                "ip_config": [
                  {
                    "ipv4": [
                      {
                        "address": "192.168.80.15/24",
                        "gateway": "192.168.80.1"
                      }
                    ],
                    "ipv6": []
                  }
                ],
                "user_account": [
                  {
                    "keys": null,
                    "password": "Float12345678"
                  }
                ]
              }
            ],
            "memory": [
              {
                "dedicated": 1024,
                "swap": 1024
              }
            ],
            "mount_point": [],
            "network_interface": [
              {
                "bridge": "vmbr0",
                "enabled": true,
                "firewall": false,
                "mac_address": "BC:24:11:F6:96:85",
                "mtu": 0,
                "name": "eth0",
                "rate_limit": 0,
                "vlan_id": 80
              }
            ],
            "node_name": "lepakshi-lenovomini",
            "operating_system": [
              {
                "template_file_id": "vz:vztmpl/debian-12-standard_12.2-1_amd64.tar.zst",
                "type": "debian"
              }
            ],
            "pool_id": null,
            "start_on_boot": true,
            "started": true,
            "startup": [],
            "tags": [
              "dev",
              "lxc",
              "tf-ansible"
            ],
            "template": false,
            "unprivileged": true,
            "vm_id": -1
          },
          "sensitive_attributes": [],
          "private": "bnVsbA=="
        }
      ]
    },
    {
      "module": "module.gitea_vm",
      "mode": "managed",
      "type": "proxmox_virtual_environment_vm",
      "name": "debian_vm",
      "provider": "provider[\"registry.terraform.io/bpg/proxmox\"]",
      "instances": [
        {
          "schema_version": 0,
          "attributes": {
            "acpi": true,
            "agent": [
              {
                "enabled": true,
                "timeout": "15m",
                "trim": false,
                "type": "virtio"
              }
            ],
            "audio_device": [],
            "bios": "seabios",
            "boot_order": null,
            "cdrom": [],
            "clone": [
              {
                "datastore_id": "",
                "full": true,
                "node_name": "",
                "retries": 1,
                "vm_id": 5000
              }
            ],
            "cpu": [
              {
                "architecture": "x86_64",
                "cores": 2,
                "flags": null,
                "hotplugged": 0,
                "limit": 0,
                "numa": false,
                "sockets": 1,
                "type": "x86-64-v2-AES",
                "units": 1024
              }
            ],
            "description": "Gitea for source control management and CI/CD",
            "disk": [
              {
                "cache": "none",
                "datastore_id": "vz",
                "discard": "on",
                "file_format": "qcow2",
                "file_id": "",
                "interface": "scsi0",
                "iothread": true,
                "path_in_datastore": "305/vm-305-disk-0.qcow2",
                "size": 16,
                "speed": [],
                "ssd": true
              },
              {
                "cache": "none",
                "datastore_id": "vz",
                "discard": "on",
                "file_format": "qcow2",
                "file_id": "",
                "interface": "scsi1",
                "iothread": true,
                "path_in_datastore": "305/vm-305-disk-1.qcow2",
                "size": 64,
                "speed": [],
                "ssd": true
              }
            ],
            "efi_disk": [],
            "hook_script_file_id": null,
            "hostpci": [],
            "id": "305",
            "initialization": [
              {
                "datastore_id": "vz",
                "dns": [
                  {
                    "domain": "naiduden.dev",
                    "server": "",
                    "servers": [
                      "192.168.30.43"
                    ]
                  }
                ],
                "interface": "ide0",
                "ip_config": [
                  {
                    "ipv4": [
                      {
                        "address": "192.168.80.13/24",
                        "gateway": "192.168.80.1"
                      }
                    ],
                    "ipv6": []
                  }
                ],
                "meta_data_file_id": "",
                "network_data_file_id": "",
                "type": "",
                "user_account": [],
                "user_data_file_id": "",
                "vendor_data_file_id": ""
              }
            ],
            "ipv4_addresses": [
              [
                "127.0.0.1"
              ],
              [
                "192.168.80.13"
              ]
            ],
            "ipv6_addresses": [
              [
                "::1"
              ],
              [
                "fe80::be24:11ff:fef7:2245"
              ]
            ],
            "keyboard_layout": "en-us",
            "kvm_arguments": null,
            "mac_addresses": [
              "00:00:00:00:00:00",
              "BC:24:11:F7:22:45"
            ],
            "machine": "q35",
            "memory": [
              {
                "dedicated": 1024,
                "floating": 0,
                "shared": 0
              }
            ],
            "migrate": false,
            "name": "stage-gitea",
            "network_device": [
              {
                "bridge": "vmbr0",
                "enabled": true,
                "firewall": false,
                "mac_address": "BC:24:11:F7:22:45",
                "model": "virtio",
                "mtu": 0,
                "queues": 0,
                "rate_limit": 0,
                "vlan_id": 80
              }
            ],
            "network_interface_names": [
              "lo",
              "eth0"
            ],
            "node_name": "lepakshi-lenovomini",
            "on_boot": true,
            "operating_system": [
              {
                "type": "l26"
              }
            ],
            "pool_id": null,
            "reboot": true,
            "scsi_hardware": "virtio-scsi-single",
            "serial_device": [],
            "smbios": [],
            "started": true,
            "startup": [],
            "stop_on_destroy": false,
            "tablet_device": true,
            "tags": [
              "dev",
              "gitea",
              "source-control",
              "tf-ansible"
            ],
            "template": false,
            "timeout_clone": 3600,
            "timeout_create": 3600,
            "timeout_migrate": 3600,
            "timeout_move_disk": 3600,
            "timeout_reboot": 1800,
            "timeout_shutdown_vm": 1800,
            "timeout_start_vm": 1800,
            "timeout_stop_vm": 300,
            "tpm_state": [],
            "usb": [],
            "vga": [
              {
                "enabled": true,
                "memory": 0,
                "type": ""
              }
            ],
            "vm_id": 305
          },
          "sensitive_attributes": [],
          "private": "bnVsbA=="
        }
      ]
    },
    {
      "module": "module.pi_hole_vm",
      "mode": "managed",
      "type": "proxmox_virtual_environment_container",
      "name": "debian_lxc",
      "provider": "provider[\"registry.terraform.io/bpg/proxmox\"]",
      "instances": [
        {
          "schema_version": 0,
          "attributes": {
            "clone": [],
            "console": [],
            "cpu": [
              {
                "architecture": "amd64",
                "cores": 1,
                "units": 1024
              }
            ],
            "description": "pihole server for development\n",
            "disk": [
              {
                "datastore_id": "vz",
                "size": 8
              }
            ],
            "features": [],
            "id": "303",
            "initialization": [
              {
                "dns": [
                  {
                    "domain": "naiduden.dev",
                    "server": "",
                    "servers": [
                      "192.168.30.43"
                    ]
                  }
                ],
                "hostname": "stage-pihole",
                "ip_config": [
                  {
                    "ipv4": [
                      {
                        "address": "192.168.80.14/24",
                        "gateway": "192.168.80.1"
                      }
                    ],
                    "ipv6": []
                  }
                ],
                "user_account": [
                  {
                    "keys": null,
                    "password": "Float12345678"
                  }
                ]
              }
            ],
            "memory": [
              {
                "dedicated": 512,
                "swap": 1024
              }
            ],
            "mount_point": [],
            "network_interface": [
              {
                "bridge": "vmbr0",
                "enabled": true,
                "firewall": false,
                "mac_address": "BC:24:11:DE:4C:30",
                "mtu": 0,
                "name": "eth0",
                "rate_limit": 0,
                "vlan_id": 80
              }
            ],
            "node_name": "lepakshi-lenovomini",
            "operating_system": [
              {
                "template_file_id": "vz:vztmpl/debian-12-standard_12.2-1_amd64.tar.zst",
                "type": "debian"
              }
            ],
            "pool_id": null,
            "start_on_boot": true,
            "started": true,
            "startup": [],
            "tags": [
              "dev",
              "lxc",
              "pihole"
            ],
            "template": false,
            "unprivileged": true,
            "vm_id": -1
          },
          "sensitive_attributes": [],
          "private": "bnVsbA=="
        }
      ]
    },
    {
      "module": "module.proxmox_backup_server",
      "mode": "managed",
      "type": "proxmox_virtual_environment_vm",
      "name": "debian_vm",
      "provider": "provider[\"registry.terraform.io/bpg/proxmox\"]",
      "instances": [
        {
          "schema_version": 0,
          "attributes": {
            "acpi": true,
            "agent": [
              {
                "enabled": true,
                "timeout": "15m",
                "trim": false,
                "type": "virtio"
              }
            ],
            "audio_device": [],
            "bios": "seabios",
            "boot_order": null,
            "cdrom": [],
            "clone": [
              {
                "datastore_id": "",
                "full": true,
                "node_name": "",
                "retries": 1,
                "vm_id": 5000
              }
            ],
            "cpu": [
              {
                "architecture": "x86_64",
                "cores": 2,
                "flags": null,
                "hotplugged": 0,
                "limit": 0,
                "numa": false,
                "sockets": 1,
                "type": "x86-64-v2-AES",
                "units": 1024
              }
            ],
            "description": "Proxmox backup server for dev",
            "disk": [
              {
                "cache": "none",
                "datastore_id": "nasvmdrivesdev",
                "discard": "on",
                "file_format": "qcow2",
                "file_id": "",
                "interface": "scsi0",
                "iothread": true,
                "path_in_datastore": "306/vm-306-disk-0.qcow2",
                "size": 16,
                "speed": [],
                "ssd": true
              },
              {
                "cache": "none",
                "datastore_id": "nasvmdrivesdev",
                "discard": "on",
                "file_format": "qcow2",
                "file_id": "",
                "interface": "scsi1",
                "iothread": true,
                "path_in_datastore": "306/vm-306-disk-1.qcow2",
                "size": 32,
                "speed": [],
                "ssd": true
              }
            ],
            "efi_disk": [],
            "hook_script_file_id": null,
            "hostpci": [],
            "id": "306",
            "initialization": [
              {
                "datastore_id": "nasvmdrivesdev",
                "dns": [
                  {
                    "domain": "naiduden.dev",
                    "server": "",
                    "servers": [
                      "192.168.30.43"
                    ]
                  }
                ],
                "interface": "ide0",
                "ip_config": [
                  {
                    "ipv4": [
                      {
                        "address": "192.168.80.45/24",
                        "gateway": "192.168.80.1"
                      }
                    ],
                    "ipv6": []
                  }
                ],
                "meta_data_file_id": "",
                "network_data_file_id": "",
                "type": "",
                "user_account": [],
                "user_data_file_id": "",
                "vendor_data_file_id": ""
              }
            ],
            "ipv4_addresses": [
              [
                "127.0.0.1"
              ],
              [
                "192.168.80.45"
              ]
            ],
            "ipv6_addresses": [
              [
                "::1"
              ],
              [
                "fe80::be24:11ff:fe73:2432"
              ]
            ],
            "keyboard_layout": "en-us",
            "kvm_arguments": null,
            "mac_addresses": [
              "00:00:00:00:00:00",
              "BC:24:11:73:24:32"
            ],
            "machine": "q35",
            "memory": [
              {
                "dedicated": 2048,
                "floating": 0,
                "shared": 0
              }
            ],
            "migrate": false,
            "name": "stage-pxbackupserver",
            "network_device": [
              {
                "bridge": "vmbr0",
                "enabled": true,
                "firewall": false,
                "mac_address": "BC:24:11:73:24:32",
                "model": "virtio",
                "mtu": 0,
                "queues": 0,
                "rate_limit": 0,
                "vlan_id": 80
              }
            ],
            "network_interface_names": [
              "lo",
              "eth0"
            ],
            "node_name": "lepakshi-lenovomini",
            "on_boot": true,
            "operating_system": [
              {
                "type": "l26"
              }
            ],
            "pool_id": null,
            "reboot": true,
            "scsi_hardware": "virtio-scsi-single",
            "serial_device": [],
            "smbios": [],
            "started": true,
            "startup": [],
            "stop_on_destroy": false,
            "tablet_device": true,
            "tags": [
              "dev",
              "pxbackup",
              "tf-ansible"
            ],
            "template": false,
            "timeout_clone": 3600,
            "timeout_create": 3600,
            "timeout_migrate": 3600,
            "timeout_move_disk": 3600,
            "timeout_reboot": 1800,
            "timeout_shutdown_vm": 1800,
            "timeout_start_vm": 1800,
            "timeout_stop_vm": 300,
            "tpm_state": [],
            "usb": [],
            "vga": [
              {
                "enabled": true,
                "memory": 0,
                "type": ""
              }
            ],
            "vm_id": 306
          },
          "sensitive_attributes": [],
          "private": "bnVsbA=="
        }
      ]
    }
  ],
  "check_results": null
}
